
Microsoft Visual Studio Solution File, Format Version 12.00
# Visual Studio Version 17
VisualStudioVersion = 17.0.31903.59
MinimumVisualStudioVersion = 10.0.40219.1
Project("{FAE04EC0-301F-11D3-BF4B-00C04F79EFBC}") = "MSA.Common.Contracts", "MSA.Common.Contracts\MSA.Common.Contracts.csproj", "{C417ECBF-F24F-4516-BABA-2D34EEAFE4BE}"
EndProject
Project("{FAE04EC0-301F-11D3-BF4B-00C04F79EFBC}") = "MSA.Common.Mongo", "MSA.Common.Mongo\MSA.Common.Mongo.csproj", "{82158586-FCE6-42B3-AD63-5F9613FB0E6E}"
EndProject
Project("{FAE04EC0-301F-11D3-BF4B-00C04F79EFBC}") = "MSA.Common.PostgresMassTransit", "MSA.Common.PostgresMassTransit\MSA.Common.PostgresMassTransit.csproj", "{7D983311-E69E-43B5-86F5-901DECE94570}"
EndProject
Project("{FAE04EC0-301F-11D3-BF4B-00C04F79EFBC}") = "MSA.ProductService", "MSA.ProductService\MSA.ProductService.csproj", "{5ADB72DB-2063-4E19-A085-0B4327B94446}"
EndProject
Project("{FAE04EC0-301F-11D3-BF4B-00C04F79EFBC}") = "MSA.OrderService", "MSA.OrderService\MSA.OrderService.csproj", "{DCAF741C-A82D-44D9-A054-8C49693A0841}"
EndProject
Project("{FAE04EC0-301F-11D3-BF4B-00C04F79EFBC}") = "MSA.IdentityServer", "MSA.IdentityServer\MSA.IdentityServer.csproj", "{5E9B151D-B6D8-4A36-8AAB-9E86625865CD}"
EndProject
Project("{FAE04EC0-301F-11D3-BF4B-00C04F79EFBC}") = "MSA.Common.Security", "MSA.Common.Security\MSA.Common.Security.csproj", "{8681C0BC-E989-4738-8ACE-154DD33301B2}"
EndProject
Global
	GlobalSection(SolutionConfigurationPlatforms) = preSolution
		Debug|Any CPU = Debug|Any CPU
		Release|Any CPU = Release|Any CPU
	EndGlobalSection
	GlobalSection(SolutionProperties) = preSolution
		HideSolutionNode = FALSE
	EndGlobalSection
	GlobalSection(ProjectConfigurationPlatforms) = postSolution
		{C417ECBF-F24F-4516-BABA-2D34EEAFE4BE}.Debug|Any CPU.ActiveCfg = Debug|Any CPU
		{C417ECBF-F24F-4516-BABA-2D34EEAFE4BE}.Debug|Any CPU.Build.0 = Debug|Any CPU
		{C417ECBF-F24F-4516-BABA-2D34EEAFE4BE}.Release|Any CPU.ActiveCfg = Release|Any CPU
		{C417ECBF-F24F-4516-BABA-2D34EEAFE4BE}.Release|Any CPU.Build.0 = Release|Any CPU
		{82158586-FCE6-42B3-AD63-5F9613FB0E6E}.Debug|Any CPU.ActiveCfg = Debug|Any CPU
		{82158586-FCE6-42B3-AD63-5F9613FB0E6E}.Debug|Any CPU.Build.0 = Debug|Any CPU
		{82158586-FCE6-42B3-AD63-5F9613FB0E6E}.Release|Any CPU.ActiveCfg = Release|Any CPU
		{82158586-FCE6-42B3-AD63-5F9613FB0E6E}.Release|Any CPU.Build.0 = Release|Any CPU
		{7D983311-E69E-43B5-86F5-901DECE94570}.Debug|Any CPU.ActiveCfg = Debug|Any CPU
		{7D983311-E69E-43B5-86F5-901DECE94570}.Debug|Any CPU.Build.0 = Debug|Any CPU
		{7D983311-E69E-43B5-86F5-901DECE94570}.Release|Any CPU.ActiveCfg = Release|Any CPU
		{7D983311-E69E-43B5-86F5-901DECE94570}.Release|Any CPU.Build.0 = Release|Any CPU
		{5ADB72DB-2063-4E19-A085-0B4327B94446}.Debug|Any CPU.ActiveCfg = Debug|Any CPU
		{5ADB72DB-2063-4E19-A085-0B4327B94446}.Debug|Any CPU.Build.0 = Debug|Any CPU
		{5ADB72DB-2063-4E19-A085-0B4327B94446}.Release|Any CPU.ActiveCfg = Release|Any CPU
		{5ADB72DB-2063-4E19-A085-0B4327B94446}.Release|Any CPU.Build.0 = Release|Any CPU
		{DCAF741C-A82D-44D9-A054-8C49693A0841}.Debug|Any CPU.ActiveCfg = Debug|Any CPU
		{DCAF741C-A82D-44D9-A054-8C49693A0841}.Debug|Any CPU.Build.0 = Debug|Any CPU
		{DCAF741C-A82D-44D9-A054-8C49693A0841}.Release|Any CPU.ActiveCfg = Release|Any CPU
		{DCAF741C-A82D-44D9-A054-8C49693A0841}.Release|Any CPU.Build.0 = Release|Any CPU
		{5E9B151D-B6D8-4A36-8AAB-9E86625865CD}.Debug|Any CPU.ActiveCfg = Debug|Any CPU
		{5E9B151D-B6D8-4A36-8AAB-9E86625865CD}.Debug|Any CPU.Build.0 = Debug|Any CPU
		{5E9B151D-B6D8-4A36-8AAB-9E86625865CD}.Release|Any CPU.ActiveCfg = Release|Any CPU
		{5E9B151D-B6D8-4A36-8AAB-9E86625865CD}.Release|Any CPU.Build.0 = Release|Any CPU
		{8681C0BC-E989-4738-8ACE-154DD33301B2}.Debug|Any CPU.ActiveCfg = Debug|Any CPU
		{8681C0BC-E989-4738-8ACE-154DD33301B2}.Debug|Any CPU.Build.0 = Debug|Any CPU
		{8681C0BC-E989-4738-8ACE-154DD33301B2}.Release|Any CPU.ActiveCfg = Release|Any CPU
		{8681C0BC-E989-4738-8ACE-154DD33301B2}.Release|Any CPU.Build.0 = Release|Any CPU
	EndGlobalSection
EndGlobal
